PODS:
  - Crashlytics (3.7.0):
    - Fabric (~> 1.6.3)
  - Fabric (1.6.7)
  - GTFSStations (0.0.2):
    - SQLite.swift
  - NagController (0.0.1)
  - Nimble (4.0.0)
  - Quick (0.9.1)
  - SBCategories (0.1.1)
  - SBTextInputView (0.2.0)
  - SQLite.swift (0.10.1)
  - ZipArchive (1.4.0)

DEPENDENCIES:
  - Crashlytics
  - Fabric
  - GTFSStations (from `https://github.com/schrockblock/gtfs-stations`, branch `develop`)
  - NagController (from `https://github.com/schrockblock/nag-controller`)
  - Nimble
  - Quick
  - SBCategories
  - SBTextInputView (from `https://github.com/schrockblock/SBTextInputView`)
  - SQLite.swift (from `https://github.com/stephencelis/SQLite.swift.git`)
  - ZipArchive

EXTERNAL SOURCES:
  GTFSStations:
    :branch: develop
    :git: https://github.com/schrockblock/gtfs-stations
  NagController:
    :git: https://github.com/schrockblock/nag-controller
  SBTextInputView:
    :git: https://github.com/schrockblock/SBTextInputView
  SQLite.swift:
    :git: https://github.com/stephencelis/SQLite.swift.git

CHECKOUT OPTIONS:
  GTFSStations:
    :commit: 99a9a9b45c6e941027e5a5e4a72573bc95f2be03
    :git: https://github.com/schrockblock/gtfs-stations
  NagController:
    :commit: 6f8ad14d677d63bf1d2ace4d7932368cecc74404
    :git: https://github.com/schrockblock/nag-controller
  SBTextInputView:
    :commit: 82bffa968c0c915ef16f49c8383e581a190ba042
    :git: https://github.com/schrockblock/SBTextInputView
  SQLite.swift:
    :commit: ccf43925aacf9fcc6130639247b3e7578a1c727a
    :git: https://github.com/stephencelis/SQLite.swift.git

SPEC CHECKSUMS:
  Crashlytics: c3a2333dea9e2733d2777f730910321fc9e25c0d
  Fabric: caf7580c725e64db144f610ac65cd60956911dc7
  GTFSStations: 6493dce849b1356d6168fc48172bd98eb892439c
  NagController: ea7b0c2565bd92b2312594216a784f642041ef55
  Nimble: 72bcc3e2f02242e6bfaaf8d9412ca7bfe3d8b417
  Quick: a5221fc21788b6aeda934805e68b061839bc3165
  SBCategories: a2a126ee06eeacaac02d5e68533cd9de1b9bf1cc
  SBTextInputView: 7446058ca286fb7e195bcb1fab89fc0587cb38cd
  SQLite.swift: 6a6e4b034efc317ce4e203b6af2d3024fee2b570
  ZipArchive: e25a4373192673e3229ac8d6e9f64a3e5713c966

PODFILE CHECKSUM: 4aa83c83fd9f234f32a4477d7e2a0ac4fcc863e6

COCOAPODS: 1.0.0.beta.5
