// !$*UTF8*$!
{
	archiveVersion = 1;
	classes = {
	};
	objectVersion = 46;
	objects = {

/* Begin PBXBuildFile section */
		05EC071C262BBDDC910422C2 /* Pods_SubwayMapTests.framework in Frameworks */ = {isa = PBXBuildFile; fileRef = F53746819AB3DB51CCB29181 /* Pods_SubwayMapTests.framework */; settings = {ATTRIBUTES = (Weak, ); }; };
		491831221B672B6900EB8328 /* AppDelegate.swift in Sources */ = {isa = PBXBuildFile; fileRef = 491831211B672B6900EB8328 /* AppDelegate.swift */; };
		491831291B672B6900EB8328 /* Images.xcassets in Resources */ = {isa = PBXBuildFile; fileRef = 491831281B672B6900EB8328 /* Images.xcassets */; };
		491831381B672B6900EB8328 /* SubwayMapTests.swift in Sources */ = {isa = PBXBuildFile; fileRef = 491831371B672B6900EB8328 /* SubwayMapTests.swift */; };
		491831431B672E8C00EB8328 /* StationViewController.swift in Sources */ = {isa = PBXBuildFile; fileRef = 491831411B672E8C00EB8328 /* StationViewController.swift */; };
		491831441B672E8C00EB8328 /* StationViewController.swift in Sources */ = {isa = PBXBuildFile; fileRef = 491831411B672E8C00EB8328 /* StationViewController.swift */; };
		491831451B672E8C00EB8328 /* StationViewController.xib in Resources */ = {isa = PBXBuildFile; fileRef = 491831421B672E8C00EB8328 /* StationViewController.xib */; };
		491831461B672E8C00EB8328 /* StationViewController.xib in Resources */ = {isa = PBXBuildFile; fileRef = 491831421B672E8C00EB8328 /* StationViewController.xib */; };
		491831481B67321A00EB8328 /* libsqlite3.dylib in Frameworks */ = {isa = PBXBuildFile; fileRef = 491831471B67321A00EB8328 /* libsqlite3.dylib */; };
		4918319C1B67491D00EB8328 /* libsqlite3.dylib in Frameworks */ = {isa = PBXBuildFile; fileRef = 491831471B67321A00EB8328 /* libsqlite3.dylib */; };
		491831D21B69A61700EB8328 /* PredictionTableViewCell.swift in Sources */ = {isa = PBXBuildFile; fileRef = 491831D01B69A61700EB8328 /* PredictionTableViewCell.swift */; };
		491831D31B69A61700EB8328 /* PredictionTableViewCell.swift in Sources */ = {isa = PBXBuildFile; fileRef = 491831D01B69A61700EB8328 /* PredictionTableViewCell.swift */; };
		491831D41B69A61700EB8328 /* PredictionTableViewCell.xib in Resources */ = {isa = PBXBuildFile; fileRef = 491831D11B69A61700EB8328 /* PredictionTableViewCell.xib */; };
		491831D51B69A61700EB8328 /* PredictionTableViewCell.xib in Resources */ = {isa = PBXBuildFile; fileRef = 491831D11B69A61700EB8328 /* PredictionTableViewCell.xib */; };
		493DC18A1B9CD16900515F4B /* gtfs.db.zip in Resources */ = {isa = PBXBuildFile; fileRef = 493DC1891B9CD16900515F4B /* gtfs.db.zip */; };
		493DC18B1B9CD16900515F4B /* gtfs.db.zip in Resources */ = {isa = PBXBuildFile; fileRef = 493DC1891B9CD16900515F4B /* gtfs.db.zip */; };
		493DC1911B9D0CD700515F4B /* libz.dylib in Frameworks */ = {isa = PBXBuildFile; fileRef = 493DC1871B9CD10500515F4B /* libz.dylib */; };
		49B5C8C71BE247C200636717 /* StationTableViewCell.swift in Sources */ = {isa = PBXBuildFile; fileRef = 49B5C8C51BE247C200636717 /* StationTableViewCell.swift */; settings = {ASSET_TAGS = (); }; };
		49B5C8C81BE247C200636717 /* StationTableViewCell.swift in Sources */ = {isa = PBXBuildFile; fileRef = 49B5C8C51BE247C200636717 /* StationTableViewCell.swift */; settings = {ASSET_TAGS = (); }; };
		49B5C8C91BE247C200636717 /* StationTableViewCell.xib in Resources */ = {isa = PBXBuildFile; fileRef = 49B5C8C61BE247C200636717 /* StationTableViewCell.xib */; settings = {ASSET_TAGS = (); }; };
		49B5C8CA1BE247C200636717 /* StationTableViewCell.xib in Resources */ = {isa = PBXBuildFile; fileRef = 49B5C8C61BE247C200636717 /* StationTableViewCell.xib */; settings = {ASSET_TAGS = (); }; };
		49D5359E1B69C44C0087D368 /* MapViewController.swift in Sources */ = {isa = PBXBuildFile; fileRef = 49D5359C1B69C44C0087D368 /* MapViewController.swift */; };
		49D5359F1B69C44C0087D368 /* MapViewController.swift in Sources */ = {isa = PBXBuildFile; fileRef = 49D5359C1B69C44C0087D368 /* MapViewController.swift */; };
		49D535A01B69C44C0087D368 /* MapViewController.xib in Resources */ = {isa = PBXBuildFile; fileRef = 49D5359D1B69C44C0087D368 /* MapViewController.xib */; };
		49D535A11B69C44C0087D368 /* MapViewController.xib in Resources */ = {isa = PBXBuildFile; fileRef = 49D5359D1B69C44C0087D368 /* MapViewController.xib */; };
		49F531D71B6D4DD500A9E887 /* NYCRouteColorManager.swift in Sources */ = {isa = PBXBuildFile; fileRef = 49F531D61B6D4DD500A9E887 /* NYCRouteColorManager.swift */; };
		49F531D81B6D4DD500A9E887 /* NYCRouteColorManager.swift in Sources */ = {isa = PBXBuildFile; fileRef = 49F531D61B6D4DD500A9E887 /* NYCRouteColorManager.swift */; };
		49F531DA1B6D591C00A9E887 /* PredictionViewModel.swift in Sources */ = {isa = PBXBuildFile; fileRef = 49F531D91B6D591C00A9E887 /* PredictionViewModel.swift */; };
		49F531DB1B6D591C00A9E887 /* PredictionViewModel.swift in Sources */ = {isa = PBXBuildFile; fileRef = 49F531D91B6D591C00A9E887 /* PredictionViewModel.swift */; };
		49F531DD1B6E9E5B00A9E887 /* DatabaseLoader.swift in Sources */ = {isa = PBXBuildFile; fileRef = 49F531DC1B6E9E5B00A9E887 /* DatabaseLoader.swift */; };
		49F531DE1B6E9E5B00A9E887 /* DatabaseLoader.swift in Sources */ = {isa = PBXBuildFile; fileRef = 49F531DC1B6E9E5B00A9E887 /* DatabaseLoader.swift */; };
		E29EABB209C70B58A659E852 /* Pods_SubwayMap.framework in Frameworks */ = {isa = PBXBuildFile; fileRef = 387A1DFA8D56DD71BF31F3C5 /* Pods_SubwayMap.framework */; settings = {ATTRIBUTES = (Weak, ); }; };
/* End PBXBuildFile section */

/* Begin PBXContainerItemProxy section */
		491831321B672B6900EB8328 /* PBXContainerItemProxy */ = {
			isa = PBXContainerItemProxy;
			containerPortal = 491831141B672B6900EB8328 /* Project object */;
			proxyType = 1;
			remoteGlobalIDString = 4918311B1B672B6900EB8328;
			remoteInfo = SubwayMap;
		};
/* End PBXContainerItemProxy section */

/* Begin PBXFileReference section */
		34167C528EEEC3CA76FA25C0 /* Pods-SubwayMap.debug.xcconfig */ = {isa = PBXFileReference; includeInIndex = 1; lastKnownFileType = text.xcconfig; name = "Pods-SubwayMap.debug.xcconfig"; path = "Pods/Target Support Files/Pods-SubwayMap/Pods-SubwayMap.debug.xcconfig"; sourceTree = "<group>"; };
		387A1DFA8D56DD71BF31F3C5 /* Pods_SubwayMap.framework */ = {isa = PBXFileReference; explicitFileType = wrapper.framework; includeInIndex = 0; path = Pods_SubwayMap.framework; sourceTree = BUILT_PRODUCTS_DIR; };
		4918311C1B672B6900EB8328 /* SubwayMap.app */ = {isa = PBXFileReference; explicitFileType = wrapper.application; includeInIndex = 0; path = SubwayMap.app; sourceTree = BUILT_PRODUCTS_DIR; };
		491831201B672B6900EB8328 /* Info.plist */ = {isa = PBXFileReference; lastKnownFileType = text.plist.xml; path = Info.plist; sourceTree = "<group>"; };
		491831211B672B6900EB8328 /* AppDelegate.swift */ = {isa = PBXFileReference; lastKnownFileType = sourcecode.swift; path = AppDelegate.swift; sourceTree = "<group>"; };
		491831281B672B6900EB8328 /* Images.xcassets */ = {isa = PBXFileReference; lastKnownFileType = folder.assetcatalog; path = Images.xcassets; sourceTree = "<group>"; };
		491831311B672B6900EB8328 /* SubwayMapTests.xctest */ = {isa = PBXFileReference; explicitFileType = wrapper.cfbundle; includeInIndex = 0; path = SubwayMapTests.xctest; sourceTree = BUILT_PRODUCTS_DIR; };
		491831361B672B6900EB8328 /* Info.plist */ = {isa = PBXFileReference; lastKnownFileType = text.plist.xml; path = Info.plist; sourceTree = "<group>"; };
		491831371B672B6900EB8328 /* SubwayMapTests.swift */ = {isa = PBXFileReference; lastKnownFileType = sourcecode.swift; path = SubwayMapTests.swift; sourceTree = "<group>"; };
		491831411B672E8C00EB8328 /* StationViewController.swift */ = {isa = PBXFileReference; fileEncoding = 4; lastKnownFileType = sourcecode.swift; path = StationViewController.swift; sourceTree = "<group>"; };
		491831421B672E8C00EB8328 /* StationViewController.xib */ = {isa = PBXFileReference; fileEncoding = 4; lastKnownFileType = file.xib; path = StationViewController.xib; sourceTree = "<group>"; };
		491831471B67321A00EB8328 /* libsqlite3.dylib */ = {isa = PBXFileReference; lastKnownFileType = "compiled.mach-o.dylib"; name = libsqlite3.dylib; path = usr/lib/libsqlite3.dylib; sourceTree = SDKROOT; };
		491831D01B69A61700EB8328 /* PredictionTableViewCell.swift */ = {isa = PBXFileReference; fileEncoding = 4; lastKnownFileType = sourcecode.swift; path = PredictionTableViewCell.swift; sourceTree = "<group>"; };
		491831D11B69A61700EB8328 /* PredictionTableViewCell.xib */ = {isa = PBXFileReference; fileEncoding = 4; lastKnownFileType = file.xib; path = PredictionTableViewCell.xib; sourceTree = "<group>"; };
		493DC1871B9CD10500515F4B /* libz.dylib */ = {isa = PBXFileReference; lastKnownFileType = "compiled.mach-o.dylib"; name = libz.dylib; path = usr/lib/libz.dylib; sourceTree = SDKROOT; };
		493DC1891B9CD16900515F4B /* gtfs.db.zip */ = {isa = PBXFileReference; lastKnownFileType = archive.zip; path = gtfs.db.zip; sourceTree = "<group>"; };
		493DC18C1B9CE01B00515F4B /* libz.1.2.5.dylib */ = {isa = PBXFileReference; lastKnownFileType = "compiled.mach-o.dylib"; name = libz.1.2.5.dylib; path = usr/lib/libz.1.2.5.dylib; sourceTree = SDKROOT; };
		493DC18E1B9CEF9200515F4B /* libz.1.dylib */ = {isa = PBXFileReference; lastKnownFileType = "compiled.mach-o.dylib"; name = libz.1.dylib; path = ../../../../../../usr/lib/libz.1.dylib; sourceTree = "<group>"; };
		49B5C8C51BE247C200636717 /* StationTableViewCell.swift */ = {isa = PBXFileReference; fileEncoding = 4; lastKnownFileType = sourcecode.swift; path = StationTableViewCell.swift; sourceTree = "<group>"; };
		49B5C8C61BE247C200636717 /* StationTableViewCell.xib */ = {isa = PBXFileReference; fileEncoding = 4; lastKnownFileType = file.xib; path = StationTableViewCell.xib; sourceTree = "<group>"; };
		49D5359C1B69C44C0087D368 /* MapViewController.swift */ = {isa = PBXFileReference; fileEncoding = 4; lastKnownFileType = sourcecode.swift; path = MapViewController.swift; sourceTree = "<group>"; };
		49D5359D1B69C44C0087D368 /* MapViewController.xib */ = {isa = PBXFileReference; fileEncoding = 4; lastKnownFileType = file.xib; path = MapViewController.xib; sourceTree = "<group>"; };
		49F531D61B6D4DD500A9E887 /* NYCRouteColorManager.swift */ = {isa = PBXFileReference; fileEncoding = 4; lastKnownFileType = sourcecode.swift; path = NYCRouteColorManager.swift; sourceTree = "<group>"; };
		49F531D91B6D591C00A9E887 /* PredictionViewModel.swift */ = {isa = PBXFileReference; fileEncoding = 4; lastKnownFileType = sourcecode.swift; path = PredictionViewModel.swift; sourceTree = "<group>"; };
		49F531DC1B6E9E5B00A9E887 /* DatabaseLoader.swift */ = {isa = PBXFileReference; fileEncoding = 4; lastKnownFileType = sourcecode.swift; path = DatabaseLoader.swift; sourceTree = "<group>"; };
		5BDF19E3FE6F8688FCAE1511 /* Pods-SubwayMapTests.debug.xcconfig */ = {isa = PBXFileReference; includeInIndex = 1; lastKnownFileType = text.xcconfig; name = "Pods-SubwayMapTests.debug.xcconfig"; path = "Pods/Target Support Files/Pods-SubwayMapTests/Pods-SubwayMapTests.debug.xcconfig"; sourceTree = "<group>"; };
		97BCA39D329464D6861108F3 /* Pods-SubwayMapTests.release.xcconfig */ = {isa = PBXFileReference; includeInIndex = 1; lastKnownFileType = text.xcconfig; name = "Pods-SubwayMapTests.release.xcconfig"; path = "Pods/Target Support Files/Pods-SubwayMapTests/Pods-SubwayMapTests.release.xcconfig"; sourceTree = "<group>"; };
		D9CAF917F88D058D59135F92 /* Pods-SubwayMap.release.xcconfig */ = {isa = PBXFileReference; includeInIndex = 1; lastKnownFileType = text.xcconfig; name = "Pods-SubwayMap.release.xcconfig"; path = "Pods/Target Support Files/Pods-SubwayMap/Pods-SubwayMap.release.xcconfig"; sourceTree = "<group>"; };
		F53746819AB3DB51CCB29181 /* Pods_SubwayMapTests.framework */ = {isa = PBXFileReference; explicitFileType = wrapper.framework; includeInIndex = 0; path = Pods_SubwayMapTests.framework; sourceTree = BUILT_PRODUCTS_DIR; };
/* End PBXFileReference section */

/* Begin PBXFrameworksBuildPhase section */
		491831191B672B6900EB8328 /* Frameworks */ = {
			isa = PBXFrameworksBuildPhase;
			buildActionMask = 2147483647;
			files = (
				493DC1911B9D0CD700515F4B /* libz.dylib in Frameworks */,
				491831481B67321A00EB8328 /* libsqlite3.dylib in Frameworks */,
				E29EABB209C70B58A659E852 /* Pods_SubwayMap.framework in Frameworks */,
			);
			runOnlyForDeploymentPostprocessing = 0;
		};
		4918312E1B672B6900EB8328 /* Frameworks */ = {
			isa = PBXFrameworksBuildPhase;
			buildActionMask = 2147483647;
			files = (
				4918319C1B67491D00EB8328 /* libsqlite3.dylib in Frameworks */,
				05EC071C262BBDDC910422C2 /* Pods_SubwayMapTests.framework in Frameworks */,
			);
			runOnlyForDeploymentPostprocessing = 0;
		};
/* End PBXFrameworksBuildPhase section */

/* Begin PBXGroup section */
		0561CA4C571669088714DF0D /* Frameworks */ = {
			isa = PBXGroup;
			children = (
				493DC18E1B9CEF9200515F4B /* libz.1.dylib */,
				493DC18C1B9CE01B00515F4B /* libz.1.2.5.dylib */,
				493DC1871B9CD10500515F4B /* libz.dylib */,
				491831471B67321A00EB8328 /* libsqlite3.dylib */,
				387A1DFA8D56DD71BF31F3C5 /* Pods_SubwayMap.framework */,
				F53746819AB3DB51CCB29181 /* Pods_SubwayMapTests.framework */,
			);
			name = Frameworks;
			sourceTree = "<group>";
		};
		491831131B672B6900EB8328 = {
			isa = PBXGroup;
			children = (
				4918311E1B672B6900EB8328 /* SubwayMap */,
				491831341B672B6900EB8328 /* SubwayMapTests */,
				4918311D1B672B6900EB8328 /* Products */,
				97B836334132DC78385DD218 /* Pods */,
				0561CA4C571669088714DF0D /* Frameworks */,
			);
			sourceTree = "<group>";
		};
		4918311D1B672B6900EB8328 /* Products */ = {
			isa = PBXGroup;
			children = (
				4918311C1B672B6900EB8328 /* SubwayMap.app */,
				491831311B672B6900EB8328 /* SubwayMapTests.xctest */,
			);
			name = Products;
			sourceTree = "<group>";
		};
		4918311E1B672B6900EB8328 /* SubwayMap */ = {
			isa = PBXGroup;
			children = (
				491831211B672B6900EB8328 /* AppDelegate.swift */,
				49F531D21B6D4C2300A9E887 /* Models */,
				49F531D11B6D400400A9E887 /* Views */,
				49D5359B1B69C4290087D368 /* Controllers */,
				491831281B672B6900EB8328 /* Images.xcassets */,
				4918311F1B672B6900EB8328 /* Supporting Files */,
			);
			path = SubwayMap;
			sourceTree = "<group>";
		};
		4918311F1B672B6900EB8328 /* Supporting Files */ = {
			isa = PBXGroup;
			children = (
				493DC1891B9CD16900515F4B /* gtfs.db.zip */,
				491831201B672B6900EB8328 /* Info.plist */,
			);
			name = "Supporting Files";
			sourceTree = "<group>";
		};
		491831341B672B6900EB8328 /* SubwayMapTests */ = {
			isa = PBXGroup;
			children = (
				491831371B672B6900EB8328 /* SubwayMapTests.swift */,
				491831351B672B6900EB8328 /* Supporting Files */,
			);
			path = SubwayMapTests;
			sourceTree = "<group>";
		};
		491831351B672B6900EB8328 /* Supporting Files */ = {
			isa = PBXGroup;
			children = (
				491831361B672B6900EB8328 /* Info.plist */,
			);
			name = "Supporting Files";
			sourceTree = "<group>";
		};
		498932CB1BE8441A00BD9183 /* Cells */ = {
			isa = PBXGroup;
			children = (
				49B5C8C51BE247C200636717 /* StationTableViewCell.swift */,
				49B5C8C61BE247C200636717 /* StationTableViewCell.xib */,
				491831D01B69A61700EB8328 /* PredictionTableViewCell.swift */,
				491831D11B69A61700EB8328 /* PredictionTableViewCell.xib */,
			);
			name = Cells;
			sourceTree = "<group>";
		};
		49D5359B1B69C4290087D368 /* Controllers */ = {
			isa = PBXGroup;
			children = (
				491831411B672E8C00EB8328 /* StationViewController.swift */,
				491831421B672E8C00EB8328 /* StationViewController.xib */,
				49D5359C1B69C44C0087D368 /* MapViewController.swift */,
				49D5359D1B69C44C0087D368 /* MapViewController.xib */,
			);
			name = Controllers;
			sourceTree = "<group>";
		};
		49F531D11B6D400400A9E887 /* Views */ = {
			isa = PBXGroup;
			children = (
				498932CB1BE8441A00BD9183 /* Cells */,
			);
			name = Views;
			sourceTree = "<group>";
		};
		49F531D21B6D4C2300A9E887 /* Models */ = {
			isa = PBXGroup;
			children = (
				49F531D61B6D4DD500A9E887 /* NYCRouteColorManager.swift */,
				49F531D91B6D591C00A9E887 /* PredictionViewModel.swift */,
				49F531DC1B6E9E5B00A9E887 /* DatabaseLoader.swift */,
			);
			name = Models;
			sourceTree = "<group>";
		};
		97B836334132DC78385DD218 /* Pods */ = {
			isa = PBXGroup;
			children = (
				34167C528EEEC3CA76FA25C0 /* Pods-SubwayMap.debug.xcconfig */,
				D9CAF917F88D058D59135F92 /* Pods-SubwayMap.release.xcconfig */,
				5BDF19E3FE6F8688FCAE1511 /* Pods-SubwayMapTests.debug.xcconfig */,
				97BCA39D329464D6861108F3 /* Pods-SubwayMapTests.release.xcconfig */,
			);
			name = Pods;
			sourceTree = "<group>";
		};
/* End PBXGroup section */

/* Begin PBXNativeTarget section */
		4918311B1B672B6900EB8328 /* SubwayMap */ = {
			isa = PBXNativeTarget;
			buildConfigurationList = 4918313B1B672B6900EB8328 /* Build configuration list for PBXNativeTarget "SubwayMap" */;
			buildPhases = (
				F3E681102C55D99690865A7D /* Check Pods Manifest.lock */,
				491831181B672B6900EB8328 /* Sources */,
				491831191B672B6900EB8328 /* Frameworks */,
				4918311A1B672B6900EB8328 /* Resources */,
				886A7E82D71CFE8A139DDACC /* Embed Pods Frameworks */,
				D3AEE246E10DC2F4AAA94A3A /* Copy Pods Resources */,
				496241B51B6ECBC6007053DC /* ShellScript */,
			);
			buildRules = (
			);
			dependencies = (
			);
			name = SubwayMap;
			productName = SubwayMap;
			productReference = 4918311C1B672B6900EB8328 /* SubwayMap.app */;
			productType = "com.apple.product-type.application";
		};
		491831301B672B6900EB8328 /* SubwayMapTests */ = {
			isa = PBXNativeTarget;
			buildConfigurationList = 4918313E1B672B6900EB8328 /* Build configuration list for PBXNativeTarget "SubwayMapTests" */;
			buildPhases = (
				A54596C102CBF685B07FA901 /* Check Pods Manifest.lock */,
				4918312D1B672B6900EB8328 /* Sources */,
				4918312E1B672B6900EB8328 /* Frameworks */,
				4918312F1B672B6900EB8328 /* Resources */,
				912599E072164DF886890AB1 /* Embed Pods Frameworks */,
				AF27B95EA44A6157364A4C2C /* Copy Pods Resources */,
			);
			buildRules = (
			);
			dependencies = (
				491831331B672B6900EB8328 /* PBXTargetDependency */,
			);
			name = SubwayMapTests;
			productName = SubwayMapTests;
			productReference = 491831311B672B6900EB8328 /* SubwayMapTests.xctest */;
			productType = "com.apple.product-type.bundle.unit-test";
		};
/* End PBXNativeTarget section */

/* Begin PBXProject section */
		491831141B672B6900EB8328 /* Project object */ = {
			isa = PBXProject;
			attributes = {
				LastSwiftMigration = 0700;
				LastSwiftUpdateCheck = 0700;
				LastUpgradeCheck = 0640;
				ORGANIZATIONNAME = Thryv;
				TargetAttributes = {
					4918311B1B672B6900EB8328 = {
						CreatedOnToolsVersion = 6.4;
					};
					491831301B672B6900EB8328 = {
						CreatedOnToolsVersion = 6.4;
						TestTargetID = 4918311B1B672B6900EB8328;
					};
				};
			};
			buildConfigurationList = 491831171B672B6900EB8328 /* Build configuration list for PBXProject "SubwayMap" */;
			compatibilityVersion = "Xcode 3.2";
			developmentRegion = English;
			hasScannedForEncodings = 0;
			knownRegions = (
				en,
				Base,
			);
			mainGroup = 491831131B672B6900EB8328;
			productRefGroup = 4918311D1B672B6900EB8328 /* Products */;
			projectDirPath = "";
			projectRoot = "";
			targets = (
				4918311B1B672B6900EB8328 /* SubwayMap */,
				491831301B672B6900EB8328 /* SubwayMapTests */,
			);
		};
/* End PBXProject section */

/* Begin PBXResourcesBuildPhase section */
		4918311A1B672B6900EB8328 /* Resources */ = {
			isa = PBXResourcesBuildPhase;
			buildActionMask = 2147483647;
			files = (
				493DC18A1B9CD16900515F4B /* gtfs.db.zip in Resources */,
				491831D41B69A61700EB8328 /* PredictionTableViewCell.xib in Resources */,
				491831291B672B6900EB8328 /* Images.xcassets in Resources */,
				491831451B672E8C00EB8328 /* StationViewController.xib in Resources */,
				49B5C8C91BE247C200636717 /* StationTableViewCell.xib in Resources */,
				49D535A01B69C44C0087D368 /* MapViewController.xib in Resources */,
			);
			runOnlyForDeploymentPostprocessing = 0;
		};
		4918312F1B672B6900EB8328 /* Resources */ = {
			isa = PBXResourcesBuildPhase;
			buildActionMask = 2147483647;
			files = (
				493DC18B1B9CD16900515F4B /* gtfs.db.zip in Resources */,
				491831461B672E8C00EB8328 /* StationViewController.xib in Resources */,
				49B5C8CA1BE247C200636717 /* StationTableViewCell.xib in Resources */,
				491831D51B69A61700EB8328 /* PredictionTableViewCell.xib in Resources */,
				49D535A11B69C44C0087D368 /* MapViewController.xib in Resources */,
			);
			runOnlyForDeploymentPostprocessing = 0;
		};
/* End PBXResourcesBuildPhase section */

/* Begin PBXShellScriptBuildPhase section */
		496241B51B6ECBC6007053DC /* ShellScript */ = {
			isa = PBXShellScriptBuildPhase;
			buildActionMask = 2147483647;
			files = (
			);
			inputPaths = (
			);
			outputPaths = (
			);
			runOnlyForDeploymentPostprocessing = 0;
			shellPath = /bin/sh;
			shellScript = "\"${PODS_ROOT}/Fabric/Fabric.framework/run\" b1bc39c835159dcffd9f2950a40007e570069713 dde132f14bcd45d54cbbb551f59876744bc3ab28f3e393f236602a2354a4994a";
		};
		886A7E82D71CFE8A139DDACC /* Embed Pods Frameworks */ = {
			isa = PBXShellScriptBuildPhase;
			buildActionMask = 2147483647;
			files = (
			);
			inputPaths = (
			);
			name = "Embed Pods Frameworks";
			outputPaths = (
			);
			runOnlyForDeploymentPostprocessing = 0;
			shellPath = /bin/sh;
			shellScript = "\"${SRCROOT}/Pods/Target Support Files/Pods-SubwayMap/Pods-SubwayMap-frameworks.sh\"\n";
			showEnvVarsInLog = 0;
		};
		912599E072164DF886890AB1 /* Embed Pods Frameworks */ = {
			isa = PBXShellScriptBuildPhase;
			buildActionMask = 2147483647;
			files = (
			);
			inputPaths = (
			);
			name = "Embed Pods Frameworks";
			outputPaths = (
			);
			runOnlyForDeploymentPostprocessing = 0;
			shellPath = /bin/sh;
			shellScript = "\"${SRCROOT}/Pods/Target Support Files/Pods-SubwayMapTests/Pods-SubwayMapTests-frameworks.sh\"\n";
			showEnvVarsInLog = 0;
		};
		A54596C102CBF685B07FA901 /* Check Pods Manifest.lock */ = {
			isa = PBXShellScriptBuildPhase;
			buildActionMask = 2147483647;
			files = (
			);
			inputPaths = (
			);
			name = "Check Pods Manifest.lock";
			outputPaths = (
			);
			runOnlyForDeploymentPostprocessing = 0;
			shellPath = /bin/sh;
			shellScript = "diff \"${PODS_ROOT}/../Podfile.lock\" \"${PODS_ROOT}/Manifest.lock\" > /dev/null\nif [[ $? != 0 ]] ; then\n    cat << EOM\nerror: The sandbox is not in sync with the Podfile.lock. Run 'pod install' or update your CocoaPods installation.\nEOM\n    exit 1\nfi\n";
			showEnvVarsInLog = 0;
		};
		AF27B95EA44A6157364A4C2C /* Copy Pods Resources */ = {
			isa = PBXShellScriptBuildPhase;
			buildActionMask = 2147483647;
			files = (
			);
			inputPaths = (
			);
			name = "Copy Pods Resources";
			outputPaths = (
			);
			runOnlyForDeploymentPostprocessing = 0;
			shellPath = /bin/sh;
			shellScript = "\"${SRCROOT}/Pods/Target Support Files/Pods-SubwayMapTests/Pods-SubwayMapTests-resources.sh\"\n";
			showEnvVarsInLog = 0;
		};
		D3AEE246E10DC2F4AAA94A3A /* Copy Pods Resources */ = {
			isa = PBXShellScriptBuildPhase;
			buildActionMask = 2147483647;
			files = (
			);
			inputPaths = (
			);
			name = "Copy Pods Resources";
			outputPaths = (
			);
			runOnlyForDeploymentPostprocessing = 0;
			shellPath = /bin/sh;
			shellScript = "\"${SRCROOT}/Pods/Target Support Files/Pods-SubwayMap/Pods-SubwayMap-resources.sh\"\n";
			showEnvVarsInLog = 0;
		};
		F3E681102C55D99690865A7D /* Check Pods Manifest.lock */ = {
			isa = PBXShellScriptBuildPhase;
			buildActionMask = 2147483647;
			files = (
			);
			inputPaths = (
			);
			name = "Check Pods Manifest.lock";
			outputPaths = (
			);
			runOnlyForDeploymentPostprocessing = 0;
			shellPath = /bin/sh;
			shellScript = "diff \"${PODS_ROOT}/../Podfile.lock\" \"${PODS_ROOT}/Manifest.lock\" > /dev/null\nif [[ $? != 0 ]] ; then\n    cat << EOM\nerror: The sandbox is not in sync with the Podfile.lock. Run 'pod install' or update your CocoaPods installation.\nEOM\n    exit 1\nfi\n";
			showEnvVarsInLog = 0;
		};
/* End PBXShellScriptBuildPhase section */

/* Begin PBXSourcesBuildPhase section */
		491831181B672B6900EB8328 /* Sources */ = {
			isa = PBXSourcesBuildPhase;
			buildActionMask = 2147483647;
			files = (
				491831221B672B6900EB8328 /* AppDelegate.swift in Sources */,
				49F531DA1B6D591C00A9E887 /* PredictionViewModel.swift in Sources */,
				49B5C8C71BE247C200636717 /* StationTableViewCell.swift in Sources */,
				49F531DD1B6E9E5B00A9E887 /* DatabaseLoader.swift in Sources */,
				491831431B672E8C00EB8328 /* StationViewController.swift in Sources */,
				491831D21B69A61700EB8328 /* PredictionTableViewCell.swift in Sources */,
				49D5359E1B69C44C0087D368 /* MapViewController.swift in Sources */,
				49F531D71B6D4DD500A9E887 /* NYCRouteColorManager.swift in Sources */,
			);
			runOnlyForDeploymentPostprocessing = 0;
		};
		4918312D1B672B6900EB8328 /* Sources */ = {
			isa = PBXSourcesBuildPhase;
			buildActionMask = 2147483647;
			files = (
				491831381B672B6900EB8328 /* SubwayMapTests.swift in Sources */,
				49F531DB1B6D591C00A9E887 /* PredictionViewModel.swift in Sources */,
				49B5C8C81BE247C200636717 /* StationTableViewCell.swift in Sources */,
				49F531DE1B6E9E5B00A9E887 /* DatabaseLoader.swift in Sources */,
				491831441B672E8C00EB8328 /* StationViewController.swift in Sources */,
				491831D31B69A61700EB8328 /* PredictionTableViewCell.swift in Sources */,
				49D5359F1B69C44C0087D368 /* MapViewController.swift in Sources */,
				49F531D81B6D4DD500A9E887 /* NYCRouteColorManager.swift in Sources */,
			);
			runOnlyForDeploymentPostprocessing = 0;
		};
/* End PBXSourcesBuildPhase section */

/* Begin PBXTargetDependency section */
		491831331B672B6900EB8328 /* PBXTargetDependency */ = {
			isa = PBXTargetDependency;
			target = 4918311B1B672B6900EB8328 /* SubwayMap */;
			targetProxy = 491831321B672B6900EB8328 /* PBXContainerItemProxy */;
		};
/* End PBXTargetDependency section */

/* Begin XCBuildConfiguration section */
		491831391B672B6900EB8328 /* Debug */ = {
			isa = XCBuildConfiguration;
			buildSettings = {
				ALWAYS_SEARCH_USER_PATHS = NO;
				CLANG_ALLOW_NON_MODULAR_INCLUDES_IN_FRAMEWORK_MODULES = YES;
				CLANG_CXX_LANGUAGE_STANDARD = "gnu++0x";
				CLANG_CXX_LIBRARY = "libc++";
				CLANG_ENABLE_MODULES = YES;
				CLANG_ENABLE_OBJC_ARC = YES;
				CLANG_WARN_BOOL_CONVERSION = YES;
				CLANG_WARN_CONSTANT_CONVERSION = YES;
				CLANG_WARN_DIRECT_OBJC_ISA_USAGE = YES_ERROR;
				CLANG_WARN_EMPTY_BODY = YES;
				CLANG_WARN_ENUM_CONVERSION = YES;
				CLANG_WARN_INT_CONVERSION = YES;
				CLANG_WARN_OBJC_ROOT_CLASS = YES_ERROR;
				CLANG_WARN_UNREACHABLE_CODE = YES;
				CLANG_WARN__DUPLICATE_METHOD_MATCH = YES;
				"CODE_SIGN_IDENTITY[sdk=iphoneos*]" = "iPhone Developer";
				COPY_PHASE_STRIP = NO;
				DEBUG_INFORMATION_FORMAT = "dwarf-with-dsym";
				ENABLE_STRICT_OBJC_MSGSEND = YES;
				GCC_C_LANGUAGE_STANDARD = gnu99;
				GCC_DYNAMIC_NO_PIC = NO;
				GCC_NO_COMMON_BLOCKS = YES;
				GCC_OPTIMIZATION_LEVEL = 0;
				GCC_PREPROCESSOR_DEFINITIONS = (
					"DEBUG=1",
					"$(inherited)",
				);
				GCC_SYMBOLS_PRIVATE_EXTERN = NO;
				GCC_WARN_64_TO_32_BIT_CONVERSION = YES;
				GCC_WARN_ABOUT_RETURN_TYPE = YES_ERROR;
				GCC_WARN_UNDECLARED_SELECTOR = YES;
				GCC_WARN_UNINITIALIZED_AUTOS = YES_AGGRESSIVE;
				GCC_WARN_UNUSED_FUNCTION = YES;
				GCC_WARN_UNUSED_VARIABLE = YES;
				IPHONEOS_DEPLOYMENT_TARGET = 8.4;
				MTL_ENABLE_DEBUG_INFO = YES;
				ONLY_ACTIVE_ARCH = YES;
				SDKROOT = iphoneos;
				SWIFT_OPTIMIZATION_LEVEL = "-Onone";
			};
			name = Debug;
		};
		4918313A1B672B6900EB8328 /* Release */ = {
			isa = XCBuildConfiguration;
			buildSettings = {
				ALWAYS_SEARCH_USER_PATHS = NO;
				CLANG_ALLOW_NON_MODULAR_INCLUDES_IN_FRAMEWORK_MODULES = YES;
				CLANG_CXX_LANGUAGE_STANDARD = "gnu++0x";
				CLANG_CXX_LIBRARY = "libc++";
				CLANG_ENABLE_MODULES = YES;
				CLANG_ENABLE_OBJC_ARC = YES;
				CLANG_WARN_BOOL_CONVERSION = YES;
				CLANG_WARN_CONSTANT_CONVERSION = YES;
				CLANG_WARN_DIRECT_OBJC_ISA_USAGE = YES_ERROR;
				CLANG_WARN_EMPTY_BODY = YES;
				CLANG_WARN_ENUM_CONVERSION = YES;
				CLANG_WARN_INT_CONVERSION = YES;
				CLANG_WARN_OBJC_ROOT_CLASS = YES_ERROR;
				CLANG_WARN_UNREACHABLE_CODE = YES;
				CLANG_WARN__DUPLICATE_METHOD_MATCH = YES;
				"CODE_SIGN_IDENTITY[sdk=iphoneos*]" = "iPhone Developer";
				COPY_PHASE_STRIP = NO;
				DEBUG_INFORMATION_FORMAT = "dwarf-with-dsym";
				ENABLE_NS_ASSERTIONS = NO;
				ENABLE_STRICT_OBJC_MSGSEND = YES;
				GCC_C_LANGUAGE_STANDARD = gnu99;
				GCC_NO_COMMON_BLOCKS = YES;
				GCC_WARN_64_TO_32_BIT_CONVERSION = YES;
				GCC_WARN_ABOUT_RETURN_TYPE = YES_ERROR;
				GCC_WARN_UNDECLARED_SELECTOR = YES;
				GCC_WARN_UNINITIALIZED_AUTOS = YES_AGGRESSIVE;
				GCC_WARN_UNUSED_FUNCTION = YES;
				GCC_WARN_UNUSED_VARIABLE = YES;
				IPHONEOS_DEPLOYMENT_TARGET = 8.4;
				MTL_ENABLE_DEBUG_INFO = NO;
				SDKROOT = iphoneos;
				VALIDATE_PRODUCT = YES;
			};
			name = Release;
		};
		4918313C1B672B6900EB8328 /* Debug */ = {
			isa = XCBuildConfiguration;
			baseConfigurationReference = 34167C528EEEC3CA76FA25C0 /* Pods-SubwayMap.debug.xcconfig */;
			buildSettings = {
				ASSETCATALOG_COMPILER_APPICON_NAME = AppIcon;
				ASSETCATALOG_COMPILER_LAUNCHIMAGE_NAME = LaunchImage;
				CLANG_ENABLE_MODULES = YES;
				CODE_SIGN_IDENTITY = "iPhone Developer";
				INFOPLIST_FILE = SubwayMap/Info.plist;
				IPHONEOS_DEPLOYMENT_TARGET = 8.0;
				LD_RUNPATH_SEARCH_PATHS = "$(inherited) @executable_path/Frameworks";
				OTHER_LDFLAGS = "$(inherited)";
				PRODUCT_NAME = "$(TARGET_NAME)";
				PROVISIONING_PROFILE = "";
				SWIFT_INCLUDE_PATHS = "/Users/ell/development/ios/apps/subway-ios/SubwayMap/";
				SWIFT_INSTALL_OBJC_HEADER = YES;
				SWIFT_OPTIMIZATION_LEVEL = "-Onone";
			};
			name = Debug;
		};
		4918313D1B672B6900EB8328 /* Release */ = {
			isa = XCBuildConfiguration;
			baseConfigurationReference = D9CAF917F88D058D59135F92 /* Pods-SubwayMap.release.xcconfig */;
			buildSettings = {
				ASSETCATALOG_COMPILER_APPICON_NAME = AppIcon;
				ASSETCATALOG_COMPILER_LAUNCHIMAGE_NAME = LaunchImage;
				CLANG_ENABLE_MODULES = YES;
				CODE_SIGN_IDENTITY = "iPhone Distribution";
				INFOPLIST_FILE = SubwayMap/Info.plist;
				IPHONEOS_DEPLOYMENT_TARGET = 8.0;
				LD_RUNPATH_SEARCH_PATHS = "$(inherited) @executable_path/Frameworks";
				OTHER_LDFLAGS = "$(inherited)";
				PRODUCT_NAME = "$(TARGET_NAME)";
				PROVISIONING_PROFILE = "";
				SWIFT_INCLUDE_PATHS = "/Users/ell/development/ios/apps/subway-ios/SubwayMap/";
				SWIFT_INSTALL_OBJC_HEADER = YES;
			};
			name = Release;
		};
		4918313F1B672B6900EB8328 /* Debug */ = {
			isa = XCBuildConfiguration;
			baseConfigurationReference = 5BDF19E3FE6F8688FCAE1511 /* Pods-SubwayMapTests.debug.xcconfig */;
			buildSettings = {
				BUNDLE_LOADER = "$(TEST_HOST)";
				CLANG_ENABLE_MODULES = YES;
				FRAMEWORK_SEARCH_PATHS = (
					"$(SDKROOT)/Developer/Library/Frameworks",
					"$(inherited)",
				);
				GCC_PREPROCESSOR_DEFINITIONS = (
					"DEBUG=1",
					"$(inherited)",
				);
				INFOPLIST_FILE = SubwayMapTests/Info.plist;
				LD_RUNPATH_SEARCH_PATHS = "$(inherited) @executable_path/Frameworks @loader_path/Frameworks";
				PRODUCT_NAME = "$(TARGET_NAME)";
				SWIFT_INSTALL_OBJC_HEADER = YES;
				SWIFT_OBJC_BRIDGING_HEADER = "";
				SWIFT_OPTIMIZATION_LEVEL = "-Onone";
				TEST_HOST = "$(BUILT_PRODUCTS_DIR)/SubwayMap.app/SubwayMap";
			};
			name = Debug;
		};
		491831401B672B6900EB8328 /* Release */ = {
			isa = XCBuildConfiguration;
			baseConfigurationReference = 97BCA39D329464D6861108F3 /* Pods-SubwayMapTests.release.xcconfig */;
			buildSettings = {
				BUNDLE_LOADER = "$(TEST_HOST)";
				CLANG_ENABLE_MODULES = YES;
				FRAMEWORK_SEARCH_PATHS = (
					"$(SDKROOT)/Developer/Library/Frameworks",
					"$(inherited)",
				);
				INFOPLIST_FILE = SubwayMapTests/Info.plist;
				LD_RUNPATH_SEARCH_PATHS = "$(inherited) @executable_path/Frameworks @loader_path/Frameworks";
				PRODUCT_NAME = "$(TARGET_NAME)";
				SWIFT_INSTALL_OBJC_HEADER = YES;
				SWIFT_OBJC_BRIDGING_HEADER = "";
				TEST_HOST = "$(BUILT_PRODUCTS_DIR)/SubwayMap.app/SubwayMap";
			};
			name = Release;
		};
/* End XCBuildConfiguration section */

/* Begin XCConfigurationList section */
		491831171B672B6900EB8328 /* Build configuration list for PBXProject "SubwayMap" */ = {
			isa = XCConfigurationList;
			buildConfigurations = (
				491831391B672B6900EB8328 /* Debug */,
				4918313A1B672B6900EB8328 /* Release */,
			);
			defaultConfigurationIsVisible = 0;
			defaultConfigurationName = Release;
		};
		4918313B1B672B6900EB8328 /* Build configuration list for PBXNativeTarget "SubwayMap" */ = {
			isa = XCConfigurationList;
			buildConfigurations = (
				4918313C1B672B6900EB8328 /* Debug */,
				4918313D1B672B6900EB8328 /* Release */,
			);
			defaultConfigurationIsVisible = 0;
			defaultConfigurationName = Release;
		};
		4918313E1B672B6900EB8328 /* Build configuration list for PBXNativeTarget "SubwayMapTests" */ = {
			isa = XCConfigurationList;
			buildConfigurations = (
				4918313F1B672B6900EB8328 /* Debug */,
				491831401B672B6900EB8328 /* Release */,
			);
			defaultConfigurationIsVisible = 0;
			defaultConfigurationName = Release;
		};
/* End XCConfigurationList section */
	};
	rootObject = 491831141B672B6900EB8328 /* Project object */;
}
